
Microsoft Visual Studio Solution File, Format Version 12.00
# Visual Studio Version 17
VisualStudioVersion = 17.9.34728.123
MinimumVisualStudioVersion = 10.0.40219.1
Project("{FAE04EC0-301F-11D3-BF4B-00C04F79EFBC}") = "SsmsSqlFormatter", "src\SsmsSqlFormatter\SsmsSqlFormatter.csproj", "{4B1C7E3A-9D2F-4A61-8C5B-2E7F0A9D6B14}"
EndProject
Project("{2150E333-8FDC-42A3-9474-1A3956D46DE8}") = "src", "src", "{827E0CD3-B72D-47B6-A68D-7590B98EB39B}"
EndProject
Project("{FAE04EC0-301F-11D3-BF4B-00C04F79EFBC}") = "SsmsSqlFormatter.Tests", "src\SsmsSqlFormatter.Tests\SsmsSqlFormatter.Tests.csproj", "{DE66D20F-56DE-A7D0-9256-51F001E75CBF}"
EndProject
Project("{2150E333-8FDC-42A3-9474-1A3956D46DE8}") = "tools", "tools", "{07C2787E-EAC7-C090-1BA3-A61EC2A24D84}"
EndProject
Project("{FAE04EC0-301F-11D3-BF4B-00C04F79EFBC}") = "FormatterBench", "tools\FormatterBench\FormatterBench.csproj", "{E9571DFF-FB9D-4182-8F31-7EDD06AAFFBC}"
EndProject
Project("{9A19103F-16F7-4668-BE54-9A1E7A4F7556}") = "SsmsSqlFormatter.Cli", "tools\SsmsSqlFormatter.Cli\SsmsSqlFormatter.Cli.csproj", "{6F3B9C2E-1A4D-4E8F-9C3B-2D7A5E8F1B6C}"
EndProject
Global
	GlobalSection(SolutionConfigurationPlatforms) = preSolution
		Debug|Any CPU = Debug|Any CPU
		Debug|x64 = Debug|x64
		Debug|x86 = Debug|x86
		Release|Any CPU = Release|Any CPU
		Release|x64 = Release|x64
		Release|x86 = Release|x86
	EndGlobalSection
	GlobalSection(ProjectConfigurationPlatforms) = postSolution
		{4B1C7E3A-9D2F-4A61-8C5B-2E7F0A9D6B14}.Debug|Any CPU.ActiveCfg = Debug|Any CPU
		{4B1C7E3A-9D2F-4A61-8C5B-2E7F0A9D6B14}.Debug|Any CPU.Build.0 = Debug|Any CPU
		{4B1C7E3A-9D2F-4A61-8C5B-2E7F0A9D6B14}.Debug|x64.ActiveCfg = Debug|Any CPU
		{4B1C7E3A-9D2F-4A61-8C5B-2E7F0A9D6B14}.Debug|x64.Build.0 = Debug|Any CPU
		{4B1C7E3A-9D2F-4A61-8C5B-2E7F0A9D6B14}.Debug|x86.ActiveCfg = Debug|Any CPU
		{4B1C7E3A-9D2F-4A61-8C5B-2E7F0A9D6B14}.Debug|x86.Build.0 = Debug|Any CPU
		{4B1C7E3A-9D2F-4A61-8C5B-2E7F0A9D6B14}.Release|Any CPU.ActiveCfg = Release|Any CPU
		{4B1C7E3A-9D2F-4A61-8C5B-2E7F0A9D6B14}.Release|Any CPU.Build.0 = Release|Any CPU
		{4B1C7E3A-9D2F-4A61-8C5B-2E7F0A9D6B14}.Release|x64.ActiveCfg = Release|Any CPU
		{4B1C7E3A-9D2F-4A61-8C5B-2E7F0A9D6B14}.Release|x64.Build.0 = Release|Any CPU
		{4B1C7E3A-9D2F-4A61-8C5B-2E7F0A9D6B14}.Release|x86.ActiveCfg = Release|Any CPU
		{4B1C7E3A-9D2F-4A61-8C5B-2E7F0A9D6B14}.Release|x86.Build.0 = Release|Any CPU
		{DE66D20F-56DE-A7D0-9256-51F001E75CBF}.Debug|Any CPU.ActiveCfg = Debug|Any CPU
		{DE66D20F-56DE-A7D0-9256-51F001E75CBF}.Debug|Any CPU.Build.0 = Debug|Any CPU
		{DE66D20F-56DE-A7D0-9256-51F001E75CBF}.Debug|x64.ActiveCfg = Debug|Any CPU
		{DE66D20F-56DE-A7D0-9256-51F001E75CBF}.Debug|x64.Build.0 = Debug|Any CPU
		{DE66D20F-56DE-A7D0-9256-51F001E75CBF}.Debug|x86.ActiveCfg = Debug|Any CPU
		{DE66D20F-56DE-A7D0-9256-51F001E75CBF}.Debug|x86.Build.0 = Debug|Any CPU
		{DE66D20F-56DE-A7D0-9256-51F001E75CBF}.Release|Any CPU.ActiveCfg = Release|Any CPU
		{DE66D20F-56DE-A7D0-9256-51F001E75CBF}.Release|Any CPU.Build.0 = Release|Any CPU
		{DE66D20F-56DE-A7D0-9256-51F001E75CBF}.Release|x64.ActiveCfg = Release|Any CPU
		{DE66D20F-56DE-A7D0-9256-51F001E75CBF}.Release|x64.Build.0 = Release|Any CPU
		{DE66D20F-56DE-A7D0-9256-51F001E75CBF}.Release|x86.ActiveCfg = Release|Any CPU
		{DE66D20F-56DE-A7D0-9256-51F001E75CBF}.Release|x86.Build.0 = Release|Any CPU
		{E9571DFF-FB9D-4182-8F31-7EDD06AAFFBC}.Debug|Any CPU.ActiveCfg = Debug|Any CPU
		{E9571DFF-FB9D-4182-8F31-7EDD06AAFFBC}.Debug|Any CPU.Build.0 = Debug|Any CPU
		{E9571DFF-FB9D-4182-8F31-7EDD06AAFFBC}.Debug|x64.ActiveCfg = Debug|Any CPU
		{E9571DFF-FB9D-4182-8F31-7EDD06AAFFBC}.Debug|x64.Build.0 = Debug|Any CPU
		{E9571DFF-FB9D-4182-8F31-7EDD06AAFFBC}.Debug|x86.ActiveCfg = Debug|Any CPU
		{E9571DFF-FB9D-4182-8F31-7EDD06AAFFBC}.Debug|x86.Build.0 = Debug|Any CPU
		{E9571DFF-FB9D-4182-8F31-7EDD06AAFFBC}.Release|Any CPU.ActiveCfg = Release|Any CPU
		{E9571DFF-FB9D-4182-8F31-7EDD06AAFFBC}.Release|Any CPU.Build.0 = Release|Any CPU
		{E9571DFF-FB9D-4182-8F31-7EDD06AAFFBC}.Release|x64.ActiveCfg = Release|Any CPU
		{E9571DFF-FB9D-4182-8F31-7EDD06AAFFBC}.Release|x64.Build.0 = Release|Any CPU
		{E9571DFF-FB9D-4182-8F31-7EDD06AAFFBC}.Release|x86.ActiveCfg = Release|Any CPU
		{E9571DFF-FB9D-4182-8F31-7EDD06AAFFBC}.Release|x86.Build.0 = Release|Any CPU
		{6F3B9C2E-1A4D-4E8F-9C3B-2D7A5E8F1B6C}.Debug|Any CPU.ActiveCfg = Debug|Any CPU
		{6F3B9C2E-1A4D-4E8F-9C3B-2D7A5E8F1B6C}.Debug|Any CPU.Build.0 = Debug|Any CPU
		{6F3B9C2E-1A4D-4E8F-9C3B-2D7A5E8F1B6C}.Debug|x64.ActiveCfg = Debug|Any CPU
		{6F3B9C2E-1A4D-4E8F-9C3B-2D7A5E8F1B6C}.Debug|x64.Build.0 = Debug|Any CPU
		{6F3B9C2E-1A4D-4E8F-9C3B-2D7A5E8F1B6C}.Debug|x86.ActiveCfg = Debug|Any CPU
		{6F3B9C2E-1A4D-4E8F-9C3B-2D7A5E8F1B6C}.Debug|x86.Build.0 = Debug|Any CPU
		{6F3B9C2E-1A4D-4E8F-9C3B-2D7A5E8F1B6C}.Release|Any CPU.ActiveCfg = Release|Any CPU
		{6F3B9C2E-1A4D-4E8F-9C3B-2D7A5E8F1B6C}.Release|Any CPU.Build.0 = Release|Any CPU
		{6F3B9C2E-1A4D-4E8F-9C3B-2D7A5E8F1B6C}.Release|x64.ActiveCfg = Release|Any CPU
		{6F3B9C2E-1A4D-4E8F-9C3B-2D7A5E8F1B6C}.Release|x64.Build.0 = Release|Any CPU
		{6F3B9C2E-1A4D-4E8F-9C3B-2D7A5E8F1B6C}.Release|x86.ActiveCfg = Release|Any CPU
		{6F3B9C2E-1A4D-4E8F-9C3B-2D7A5E8F1B6C}.Release|x86.Build.0 = Release|Any CPU
	EndGlobalSection
	GlobalSection(SolutionProperties) = preSolution
		HideSolutionNode = FALSE
	EndGlobalSection
	GlobalSection(NestedProjects) = preSolution
		{DE66D20F-56DE-A7D0-9256-51F001E75CBF} = {827E0CD3-B72D-47B6-A68D-7590B98EB39B}
		{E9571DFF-FB9D-4182-8F31-7EDD06AAFFBC} = {07C2787E-EAC7-C090-1BA3-A61EC2A24D84}
		{6F3B9C2E-1A4D-4E8F-9C3B-2D7A5E8F1B6C} = {07C2787E-EAC7-C090-1BA3-A61EC2A24D84}
	EndGlobalSection
EndGlobal
